// !$*UTF8*$!
{
	archiveVersion = 1;
	classes = {
	};
	objectVersion = 50;
	objects = {

/* Begin PBXBuildFile section */
		C881063C25CB82A900E056AE /* DetailViewController.swift in Sources */ = {isa = PBXBuildFile; fileRef = C881063B25CB82A900E056AE /* DetailViewController.swift */; };
		C8DE7A0825D09E2600705F99 /* nssl0045.jpg in Resources */ = {isa = PBXBuildFile; fileRef = C8DE7A0325D09E2600705F99 /* nssl0045.jpg */; };
		C8DE7A0925D09E2600705F99 /* nssl0051.jpg in Resources */ = {isa = PBXBuildFile; fileRef = C8DE7A0425D09E2600705F99 /* nssl0051.jpg */; };
		C8DE7A0A25D09E2600705F99 /* nssl0091.jpg in Resources */ = {isa = PBXBuildFile; fileRef = C8DE7A0525D09E2600705F99 /* nssl0091.jpg */; };
		C8DE7A0B25D09E2600705F99 /* nssl0046.jpg in Resources */ = {isa = PBXBuildFile; fileRef = C8DE7A0625D09E2600705F99 /* nssl0046.jpg */; };
		C8DE7A0C25D09E2600705F99 /* nssl0049.jpg in Resources */ = {isa = PBXBuildFile; fileRef = C8DE7A0725D09E2600705F99 /* nssl0049.jpg */; };
		C8FEA27325CA6268008C2186 /* AppDelegate.swift in Sources */ = {isa = PBXBuildFile; fileRef = C8FEA27225CA6268008C2186 /* AppDelegate.swift */; };
		C8FEA27525CA6268008C2186 /* SceneDelegate.swift in Sources */ = {isa = PBXBuildFile; fileRef = C8FEA27425CA6268008C2186 /* SceneDelegate.swift */; };
		C8FEA27725CA6268008C2186 /* ViewController.swift in Sources */ = {isa = PBXBuildFile; fileRef = C8FEA27625CA6268008C2186 /* ViewController.swift */; };
		C8FEA27A25CA6268008C2186 /* Main.storyboard in Resources */ = {isa = PBXBuildFile; fileRef = C8FEA27825CA6268008C2186 /* Main.storyboard */; };
		C8FEA27C25CA6269008C2186 /* Assets.xcassets in Resources */ = {isa = PBXBuildFile; fileRef = C8FEA27B25CA6269008C2186 /* Assets.xcassets */; };
		C8FEA27F25CA6269008C2186 /* LaunchScreen.storyboard in Resources */ = {isa = PBXBuildFile; fileRef = C8FEA27D25CA6269008C2186 /* LaunchScreen.storyboard */; };
/* End PBXBuildFile section */

/* Begin PBXFileReference section */
		C881063B25CB82A900E056AE /* DetailViewController.swift */ = {isa = PBXFileReference; lastKnownFileType = sourcecode.swift; path = DetailViewController.swift; sourceTree = "<group>"; };
		C8DE7A0325D09E2600705F99 /* nssl0045.jpg */ = {isa = PBXFileReference; lastKnownFileType = image.jpeg; path = nssl0045.jpg; sourceTree = "<group>"; };
		C8DE7A0425D09E2600705F99 /* nssl0051.jpg */ = {isa = PBXFileReference; lastKnownFileType = image.jpeg; path = nssl0051.jpg; sourceTree = "<group>"; };
		C8DE7A0525D09E2600705F99 /* nssl0091.jpg */ = {isa = PBXFileReference; lastKnownFileType = image.jpeg; path = nssl0091.jpg; sourceTree = "<group>"; };
		C8DE7A0625D09E2600705F99 /* nssl0046.jpg */ = {isa = PBXFileReference; lastKnownFileType = image.jpeg; path = nssl0046.jpg; sourceTree = "<group>"; };
		C8DE7A0725D09E2600705F99 /* nssl0049.jpg */ = {isa = PBXFileReference; lastKnownFileType = image.jpeg; path = nssl0049.jpg; sourceTree = "<group>"; };
		C8FEA26F25CA6268008C2186 /* Project1.app */ = {isa = PBXFileReference; explicitFileType = wrapper.application; includeInIndex = 0; path = Project1.app; sourceTree = BUILT_PRODUCTS_DIR; };
		C8FEA27225CA6268008C2186 /* AppDelegate.swift */ = {isa = PBXFileReference; lastKnownFileType = sourcecode.swift; path = AppDelegate.swift; sourceTree = "<group>"; };
		C8FEA27425CA6268008C2186 /* SceneDelegate.swift */ = {isa = PBXFileReference; lastKnownFileType = sourcecode.swift; path = SceneDelegate.swift; sourceTree = "<group>"; };
		C8FEA27625CA6268008C2186 /* ViewController.swift */ = {isa = PBXFileReference; lastKnownFileType = sourcecode.swift; path = ViewController.swift; sourceTree = "<group>"; };
		C8FEA27925CA6268008C2186 /* Base */ = {isa = PBXFileReference; lastKnownFileType = file.storyboard; name = Base; path = Base.lproj/Main.storyboard; sourceTree = "<group>"; };
		C8FEA27B25CA6269008C2186 /* Assets.xcassets */ = {isa = PBXFileReference; lastKnownFileType = folder.assetcatalog; path = Assets.xcassets; sourceTree = "<group>"; };
		C8FEA27E25CA6269008C2186 /* Base */ = {isa = PBXFileReference; lastKnownFileType = file.storyboard; name = Base; path = Base.lproj/LaunchScreen.storyboard; sourceTree = "<group>"; };
		C8FEA28025CA6269008C2186 /* Info.plist */ = {isa = PBXFileReference; lastKnownFileType = text.plist.xml; path = Info.plist; sourceTree = "<group>"; };
/* End PBXFileReference section */

/* Begin PBXFrameworksBuildPhase section */
		C8FEA26C25CA6268008C2186 /* Frameworks */ = {
			isa = PBXFrameworksBuildPhase;
			buildActionMask = 2147483647;
			files = (
			);
			runOnlyForDeploymentPostprocessing = 0;
		};
/* End PBXFrameworksBuildPhase section */

/* Begin PBXGroup section */
		C8FEA26625CA6268008C2186 = {
			isa = PBXGroup;
			children = (
				C8FEA27125CA6268008C2186 /* Project1 */,
				C8FEA27025CA6268008C2186 /* Products */,
			);
			sourceTree = "<group>";
		};
		C8FEA27025CA6268008C2186 /* Products */ = {
			isa = PBXGroup;
			children = (
				C8FEA26F25CA6268008C2186 /* Project1.app */,
			);
			name = Products;
			sourceTree = "<group>";
		};
		C8FEA27125CA6268008C2186 /* Project1 */ = {
			isa = PBXGroup;
			children = (
				C8FEA28725CA6479008C2186 /* Assets */,
				C8FEA27225CA6268008C2186 /* AppDelegate.swift */,
				C8FEA27425CA6268008C2186 /* SceneDelegate.swift */,
				C8FEA27625CA6268008C2186 /* ViewController.swift */,
				C881063B25CB82A900E056AE /* DetailViewController.swift */,
				C8FEA27825CA6268008C2186 /* Main.storyboard */,
				C8FEA27B25CA6269008C2186 /* Assets.xcassets */,
				C8FEA27D25CA6269008C2186 /* LaunchScreen.storyboard */,
				C8FEA28025CA6269008C2186 /* Info.plist */,
			);
			path = Project1;
			sourceTree = "<group>";
		};
		C8FEA28725CA6479008C2186 /* Assets */ = {
			isa = PBXGroup;
			children = (
				C8DE7A0325D09E2600705F99 /* nssl0045.jpg */,
				C8DE7A0625D09E2600705F99 /* nssl0046.jpg */,
				C8DE7A0725D09E2600705F99 /* nssl0049.jpg */,
				C8DE7A0425D09E2600705F99 /* nssl0051.jpg */,
				C8DE7A0525D09E2600705F99 /* nssl0091.jpg */,
			);
			path = Assets;
			sourceTree = "<group>";
		};
/* End PBXGroup section */

/* Begin PBXNativeTarget section */
		C8FEA26E25CA6268008C2186 /* Project1 */ = {
			isa = PBXNativeTarget;
			buildConfigurationList = C8FEA28325CA6269008C2186 /* Build configuration list for PBXNativeTarget "Project1" */;
			buildPhases = (
				C8FEA26B25CA6268008C2186 /* Sources */,
				C8FEA26C25CA6268008C2186 /* Frameworks */,
				C8FEA26D25CA6268008C2186 /* Resources */,
			);
			buildRules = (
			);
			dependencies = (
			);
			name = Project1;
			productName = Project1;
			productReference = C8FEA26F25CA6268008C2186 /* Project1.app */;
			productType = "com.apple.product-type.application";
		};
/* End PBXNativeTarget section */

/* Begin PBXProject section */
		C8FEA26725CA6268008C2186 /* Project object */ = {
			isa = PBXProject;
			attributes = {
				LastSwiftUpdateCheck = 1240;
				LastUpgradeCheck = 1240;
				TargetAttributes = {
					C8FEA26E25CA6268008C2186 = {
						CreatedOnToolsVersion = 12.4;
					};
				};
			};
			buildConfigurationList = C8FEA26A25CA6268008C2186 /* Build configuration list for PBXProject "Project1" */;
			compatibilityVersion = "Xcode 9.3";
			developmentRegion = en;
			hasScannedForEncodings = 0;
			knownRegions = (
				en,
				Base,
			);
			mainGroup = C8FEA26625CA6268008C2186;
			productRefGroup = C8FEA27025CA6268008C2186 /* Products */;
			projectDirPath = "";
			projectRoot = "";
			targets = (
				C8FEA26E25CA6268008C2186 /* Project1 */,
			);
		};
/* End PBXProject section */

/* Begin PBXResourcesBuildPhase section */
		C8FEA26D25CA6268008C2186 /* Resources */ = {
			isa = PBXResourcesBuildPhase;
			buildActionMask = 2147483647;
			files = (
				C8DE7A0C25D09E2600705F99 /* nssl0049.jpg in Resources */,
				C8DE7A0925D09E2600705F99 /* nssl0051.jpg in Resources */,
				C8DE7A0B25D09E2600705F99 /* nssl0046.jpg in Resources */,
				C8DE7A0A25D09E2600705F99 /* nssl0091.jpg in Resources */,
				C8DE7A0825D09E2600705F99 /* nssl0045.jpg in Resources */,
				C8FEA27F25CA6269008C2186 /* LaunchScreen.storyboard in Resources */,
				C8FEA27C25CA6269008C2186 /* Assets.xcassets in Resources */,
				C8FEA27A25CA6268008C2186 /* Main.storyboard in Resources */,
			);
			runOnlyForDeploymentPostprocessing = 0;
		};
/* End PBXResourcesBuildPhase section */

/* Begin PBXSourcesBuildPhase section */
		C8FEA26B25CA6268008C2186 /* Sources */ = {
			isa = PBXSourcesBuildPhase;
			buildActionMask = 2147483647;
			files = (
				C8FEA27725CA6268008C2186 /* ViewController.swift in Sources */,
				C8FEA27325CA6268008C2186 /* AppDelegate.swift in Sources */,
				C8FEA27525CA6268008C2186 /* SceneDelegate.swift in Sources */,
				C881063C25CB82A900E056AE /* DetailViewController.swift in Sources */,
			);
			runOnlyForDeploymentPostprocessing = 0;
		};
/* End PBXSourcesBuildPhase section */

/* Begin PBXVariantGroup section */
		C8FEA27825CA6268008C2186 /* Main.storyboard */ = {
			isa = PBXVariantGroup;
			children = (
				C8FEA27925CA6268008C2186 /* Base */,
			);
			name = Main.storyboard;
			sourceTree = "<group>";
		};
		C8FEA27D25CA6269008C2186 /* LaunchScreen.storyboard */ = {
			isa = PBXVariantGroup;
			children = (
				C8FEA27E25CA6269008C2186 /* Base */,
			);
			name = LaunchScreen.storyboard;
			sourceTree = "<group>";
		};
/* End PBXVariantGroup section */

/* Begin XCBuildConfiguration section */
		C8FEA28125CA6269008C2186 /* Debug */ = {
			isa = XCBuildConfiguration;
			buildSettings = {
				ALWAYS_SEARCH_USER_PATHS = NO;
				CLANG_ANALYZER_NONNULL = YES;
				CLANG_ANALYZER_NUMBER_OBJECT_CONVERSION = YES_AGGRESSIVE;
				CLANG_CXX_LANGUAGE_STANDARD = "gnu++14";
				CLANG_CXX_LIBRARY = "libc++";
				CLANG_ENABLE_MODULES = YES;
				CLANG_ENABLE_OBJC_ARC = YES;
				CLANG_ENABLE_OBJC_WEAK = YES;
				CLANG_WARN_BLOCK_CAPTURE_AUTORELEASING = YES;
				CLANG_WARN_BOOL_CONVERSION = YES;
				CLANG_WARN_COMMA = YES;
				CLANG_WARN_CONSTANT_CONVERSION = YES;
				CLANG_WARN_DEPRECATED_OBJC_IMPLEMENTATIONS = YES;
				CLANG_WARN_DIRECT_OBJC_ISA_USAGE = YES_ERROR;
				CLANG_WARN_DOCUMENTATION_COMMENTS = YES;
				CLANG_WARN_EMPTY_BODY = YES;
				CLANG_WARN_ENUM_CONVERSION = YES;
				CLANG_WARN_INFINITE_RECURSION = YES;
				CLANG_WARN_INT_CONVERSION = YES;
				CLANG_WARN_NON_LITERAL_NULL_CONVERSION = YES;
				CLANG_WARN_OBJC_IMPLICIT_RETAIN_SELF = YES;
				CLANG_WARN_OBJC_LITERAL_CONVERSION = YES;
				CLANG_WARN_OBJC_ROOT_CLASS = YES_ERROR;
				CLANG_WARN_QUOTED_INCLUDE_IN_FRAMEWORK_HEADER = YES;
				CLANG_WARN_RANGE_LOOP_ANALYSIS = YES;
				CLANG_WARN_STRICT_PROTOTYPES = YES;
				CLANG_WARN_SUSPICIOUS_MOVE = YES;
				CLANG_WARN_UNGUARDED_AVAILABILITY = YES_AGGRESSIVE;
				CLANG_WARN_UNREACHABLE_CODE = YES;
				CLANG_WARN__DUPLICATE_METHOD_MATCH = YES;
				COPY_PHASE_STRIP = NO;
				DEBUG_INFORMATION_FORMAT = dwarf;
				ENABLE_STRICT_OBJC_MSGSEND = YES;
				ENABLE_TESTABILITY = YES;
				GCC_C_LANGUAGE_STANDARD = gnu11;
				GCC_DYNAMIC_NO_PIC = NO;
				GCC_NO_COMMON_BLOCKS = YES;
				GCC_OPTIMIZATION_LEVEL = 0;
				GCC_PREPROCESSOR_DEFINITIONS = (
					"DEBUG=1",
					"$(inherited)",
				);
				GCC_WARN_64_TO_32_BIT_CONVERSION = YES;
				GCC_WARN_ABOUT_RETURN_TYPE = YES_ERROR;
				GCC_WARN_UNDECLARED_SELECTOR = YES;
				GCC_WARN_UNINITIALIZED_AUTOS = YES_AGGRESSIVE;
				GCC_WARN_UNUSED_FUNCTION = YES;
				GCC_WARN_UNUSED_VARIABLE = YES;
				IPHONEOS_DEPLOYMENT_TARGET = 14.4;
				MTL_ENABLE_DEBUG_INFO = INCLUDE_SOURCE;
				MTL_FAST_MATH = YES;
				ONLY_ACTIVE_ARCH = YES;
				SDKROOT = iphoneos;
				SWIFT_ACTIVE_COMPILATION_CONDITIONS = DEBUG;
				SWIFT_OPTIMIZATION_LEVEL = "-Onone";
			};
			name = Debug;
		};
		C8FEA28225CA6269008C2186 /* Release */ = {
			isa = XCBuildConfiguration;
			buildSettings = {
				ALWAYS_SEARCH_USER_PATHS = NO;
				CLANG_ANALYZER_NONNULL = YES;
				CLANG_ANALYZER_NUMBER_OBJECT_CONVERSION = YES_AGGRESSIVE;
				CLANG_CXX_LANGUAGE_STANDARD = "gnu++14";
				CLANG_CXX_LIBRARY = "libc++";
				CLANG_ENABLE_MODULES = YES;
				CLANG_ENABLE_OBJC_ARC = YES;
				CLANG_ENABLE_OBJC_WEAK = YES;
				CLANG_WARN_BLOCK_CAPTURE_AUTORELEASING = YES;
				CLANG_WARN_BOOL_CONVERSION = YES;
				CLANG_WARN_COMMA = YES;
				CLANG_WARN_CONSTANT_CONVERSION = YES;
				CLANG_WARN_DEPRECATED_OBJC_IMPLEMENTATIONS = YES;
				CLANG_WARN_DIRECT_OBJC_ISA_USAGE = YES_ERROR;
				CLANG_WARN_DOCUMENTATION_COMMENTS = YES;
				CLANG_WARN_EMPTY_BODY = YES;
				CLANG_WARN_ENUM_CONVERSION = YES;
				CLANG_WARN_INFINITE_RECURSION = YES;
				CLANG_WARN_INT_CONVERSION = YES;
				CLANG_WARN_NON_LITERAL_NULL_CONVERSION = YES;
				CLANG_WARN_OBJC_IMPLICIT_RETAIN_SELF = YES;
				CLANG_WARN_OBJC_LITERAL_CONVERSION = YES;
				CLANG_WARN_OBJC_ROOT_CLASS = YES_ERROR;
				CLANG_WARN_QUOTED_INCLUDE_IN_FRAMEWORK_HEADER = YES;
				CLANG_WARN_RANGE_LOOP_ANALYSIS = YES;
				CLANG_WARN_STRICT_PROTOTYPES = YES;
				CLANG_WARN_SUSPICIOUS_MOVE = YES;
				CLANG_WARN_UNGUARDED_AVAILABILITY = YES_AGGRESSIVE;
				CLANG_WARN_UNREACHABLE_CODE = YES;
				CLANG_WARN__DUPLICATE_METHOD_MATCH = YES;
				COPY_PHASE_STRIP = NO;
				DEBUG_INFORMATION_FORMAT = "dwarf-with-dsym";
				ENABLE_NS_ASSERTIONS = NO;
				ENABLE_STRICT_OBJC_MSGSEND = YES;
				GCC_C_LANGUAGE_STANDARD = gnu11;
				GCC_NO_COMMON_BLOCKS = YES;
				GCC_WARN_64_TO_32_BIT_CONVERSION = YES;
				GCC_WARN_ABOUT_RETURN_TYPE = YES_ERROR;
				GCC_WARN_UNDECLARED_SELECTOR = YES;
				GCC_WARN_UNINITIALIZED_AUTOS = YES_AGGRESSIVE;
				GCC_WARN_UNUSED_FUNCTION = YES;
				GCC_WARN_UNUSED_VARIABLE = YES;
				IPHONEOS_DEPLOYMENT_TARGET = 14.4;
				MTL_ENABLE_DEBUG_INFO = NO;
				MTL_FAST_MATH = YES;
				SDKROOT = iphoneos;
				SWIFT_COMPILATION_MODE = wholemodule;
				SWIFT_OPTIMIZATION_LEVEL = "-O";
				VALIDATE_PRODUCT = YES;
			};
			name = Release;
		};
		C8FEA28425CA6269008C2186 /* Debug */ = {
			isa = XCBuildConfiguration;
			buildSettings = {
				ASSETCATALOG_COMPILER_APPICON_NAME = AppIcon;
				ASSETCATALOG_COMPILER_GLOBAL_ACCENT_COLOR_NAME = AccentColor;
				CODE_SIGN_STYLE = Automatic;
				DEVELOPMENT_TEAM = V9L34YUA72;
				INFOPLIST_FILE = Project1/Info.plist;
				LD_RUNPATH_SEARCH_PATHS = (
					"$(inherited)",
					"@executable_path/Frameworks",
				);
				PRODUCT_BUNDLE_IDENTIFIER = com.pcap.Project1;
				PRODUCT_NAME = "$(TARGET_NAME)";
				SWIFT_VERSION = 5.0;
				TARGETED_DEVICE_FAMILY = "1,2";
			};
			name = Debug;
		};
		C8FEA28525CA6269008C2186 /* Release */ = {
			isa = XCBuildConfiguration;
			buildSettings = {
				ASSETCATALOG_COMPILER_APPICON_NAME = AppIcon;
				ASSETCATALOG_COMPILER_GLOBAL_ACCENT_COLOR_NAME = AccentColor;
				CODE_SIGN_STYLE = Automatic;
				DEVELOPMENT_TEAM = V9L34YUA72;
				INFOPLIST_FILE = Project1/Info.plist;
				LD_RUNPATH_SEARCH_PATHS = (
					"$(inherited)",
					"@executable_path/Frameworks",
				);
				PRODUCT_BUNDLE_IDENTIFIER = com.pcap.Project1;
				PRODUCT_NAME = "$(TARGET_NAME)";
				SWIFT_VERSION = 5.0;
				TARGETED_DEVICE_FAMILY = "1,2";
			};
			name = Release;
		};
/* End XCBuildConfiguration section */

/* Begin XCConfigurationList section */
		C8FEA26A25CA6268008C2186 /* Build configuration list for PBXProject "Project1" */ = {
			isa = XCConfigurationList;
			buildConfigurations = (
				C8FEA28125CA6269008C2186 /* Debug */,
				C8FEA28225CA6269008C2186 /* Release */,
			);
			defaultConfigurationIsVisible = 0;
			defaultConfigurationName = Release;
		};
		C8FEA28325CA6269008C2186 /* Build configuration list for PBXNativeTarget "Project1" */ = {
			isa = XCConfigurationList;
			buildConfigurations = (
				C8FEA28425CA6269008C2186 /* Debug */,
				C8FEA28525CA6269008C2186 /* Release */,
			);
			defaultConfigurationIsVisible = 0;
			defaultConfigurationName = Release;
		};
/* End XCConfigurationList section */
	};
	rootObject = C8FEA26725CA6268008C2186 /* Project object */;
}
