// !$*UTF8*$!
{
	archiveVersion = 1;
	classes = {
	};
	objectVersion = 50;
	objects = {

/* Begin PBXBuildFile section */
		C88784AE25D9D9F70085F2DB /* AppDelegate.m in Sources */ = {isa = PBXBuildFile; fileRef = C88784AD25D9D9F70085F2DB /* AppDelegate.m */; };
		C88784B125D9D9F70085F2DB /* SceneDelegate.m in Sources */ = {isa = PBXBuildFile; fileRef = C88784B025D9D9F70085F2DB /* SceneDelegate.m */; };
		C88784B425D9D9F70085F2DB /* ViewController.m in Sources */ = {isa = PBXBuildFile; fileRef = C88784B325D9D9F70085F2DB /* ViewController.m */; };
		C88784B725D9D9F70085F2DB /* Main.storyboard in Resources */ = {isa = PBXBuildFile; fileRef = C88784B525D9D9F70085F2DB /* Main.storyboard */; };
		C88784B925D9D9F90085F2DB /* Assets.xcassets in Resources */ = {isa = PBXBuildFile; fileRef = C88784B825D9D9F90085F2DB /* Assets.xcassets */; };
		C88784BC25D9D9F90085F2DB /* LaunchScreen.storyboard in Resources */ = {isa = PBXBuildFile; fileRef = C88784BA25D9D9F90085F2DB /* LaunchScreen.storyboard */; };
		C88784BF25D9D9F90085F2DB /* main.m in Sources */ = {isa = PBXBuildFile; fileRef = C88784BE25D9D9F90085F2DB /* main.m */; };
		C88784C925D9E27B0085F2DB /* PcapCell.m in Sources */ = {isa = PBXBuildFile; fileRef = C88784C825D9E27B0085F2DB /* PcapCell.m */; };
/* End PBXBuildFile section */

/* Begin PBXFileReference section */
		C88784A925D9D9F70085F2DB /* shadowBoxDemo.app */ = {isa = PBXFileReference; explicitFileType = wrapper.application; includeInIndex = 0; path = shadowBoxDemo.app; sourceTree = BUILT_PRODUCTS_DIR; };
		C88784AC25D9D9F70085F2DB /* AppDelegate.h */ = {isa = PBXFileReference; lastKnownFileType = sourcecode.c.h; path = AppDelegate.h; sourceTree = "<group>"; };
		C88784AD25D9D9F70085F2DB /* AppDelegate.m */ = {isa = PBXFileReference; lastKnownFileType = sourcecode.c.objc; path = AppDelegate.m; sourceTree = "<group>"; };
		C88784AF25D9D9F70085F2DB /* SceneDelegate.h */ = {isa = PBXFileReference; lastKnownFileType = sourcecode.c.h; path = SceneDelegate.h; sourceTree = "<group>"; };
		C88784B025D9D9F70085F2DB /* SceneDelegate.m */ = {isa = PBXFileReference; lastKnownFileType = sourcecode.c.objc; path = SceneDelegate.m; sourceTree = "<group>"; };
		C88784B225D9D9F70085F2DB /* ViewController.h */ = {isa = PBXFileReference; lastKnownFileType = sourcecode.c.h; path = ViewController.h; sourceTree = "<group>"; };
		C88784B325D9D9F70085F2DB /* ViewController.m */ = {isa = PBXFileReference; lastKnownFileType = sourcecode.c.objc; path = ViewController.m; sourceTree = "<group>"; };
		C88784B625D9D9F70085F2DB /* Base */ = {isa = PBXFileReference; lastKnownFileType = file.storyboard; name = Base; path = Base.lproj/Main.storyboard; sourceTree = "<group>"; };
		C88784B825D9D9F90085F2DB /* Assets.xcassets */ = {isa = PBXFileReference; lastKnownFileType = folder.assetcatalog; path = Assets.xcassets; sourceTree = "<group>"; };
		C88784BB25D9D9F90085F2DB /* Base */ = {isa = PBXFileReference; lastKnownFileType = file.storyboard; name = Base; path = Base.lproj/LaunchScreen.storyboard; sourceTree = "<group>"; };
		C88784BD25D9D9F90085F2DB /* Info.plist */ = {isa = PBXFileReference; lastKnownFileType = text.plist.xml; path = Info.plist; sourceTree = "<group>"; };
		C88784BE25D9D9F90085F2DB /* main.m */ = {isa = PBXFileReference; lastKnownFileType = sourcecode.c.objc; path = main.m; sourceTree = "<group>"; };
		C88784C725D9E27B0085F2DB /* PcapCell.h */ = {isa = PBXFileReference; lastKnownFileType = sourcecode.c.h; path = PcapCell.h; sourceTree = "<group>"; };
		C88784C825D9E27B0085F2DB /* PcapCell.m */ = {isa = PBXFileReference; lastKnownFileType = sourcecode.c.objc; path = PcapCell.m; sourceTree = "<group>"; };
/* End PBXFileReference section */

/* Begin PBXFrameworksBuildPhase section */
		C88784A625D9D9F70085F2DB /* Frameworks */ = {
			isa = PBXFrameworksBuildPhase;
			buildActionMask = 2147483647;
			files = (
			);
			runOnlyForDeploymentPostprocessing = 0;
		};
/* End PBXFrameworksBuildPhase section */

/* Begin PBXGroup section */
		C88784A025D9D9F70085F2DB = {
			isa = PBXGroup;
			children = (
				C88784AB25D9D9F70085F2DB /* shadowBoxDemo */,
				C88784AA25D9D9F70085F2DB /* Products */,
			);
			sourceTree = "<group>";
		};
		C88784AA25D9D9F70085F2DB /* Products */ = {
			isa = PBXGroup;
			children = (
				C88784A925D9D9F70085F2DB /* shadowBoxDemo.app */,
			);
			name = Products;
			sourceTree = "<group>";
		};
		C88784AB25D9D9F70085F2DB /* shadowBoxDemo */ = {
			isa = PBXGroup;
			children = (
				C88784C625D9E1C00085F2DB /* View */,
				C88784AC25D9D9F70085F2DB /* AppDelegate.h */,
				C88784AD25D9D9F70085F2DB /* AppDelegate.m */,
				C88784AF25D9D9F70085F2DB /* SceneDelegate.h */,
				C88784B025D9D9F70085F2DB /* SceneDelegate.m */,
				C88784B225D9D9F70085F2DB /* ViewController.h */,
				C88784B325D9D9F70085F2DB /* ViewController.m */,
				C88784B525D9D9F70085F2DB /* Main.storyboard */,
				C88784B825D9D9F90085F2DB /* Assets.xcassets */,
				C88784BA25D9D9F90085F2DB /* LaunchScreen.storyboard */,
				C88784BD25D9D9F90085F2DB /* Info.plist */,
				C88784BE25D9D9F90085F2DB /* main.m */,
			);
			path = shadowBoxDemo;
			sourceTree = "<group>";
		};
		C88784C625D9E1C00085F2DB /* View */ = {
			isa = PBXGroup;
			children = (
				C88784C725D9E27B0085F2DB /* PcapCell.h */,
				C88784C825D9E27B0085F2DB /* PcapCell.m */,
			);
			path = View;
			sourceTree = "<group>";
		};
/* End PBXGroup section */

/* Begin PBXNativeTarget section */
		C88784A825D9D9F70085F2DB /* shadowBoxDemo */ = {
			isa = PBXNativeTarget;
			buildConfigurationList = C88784C225D9D9F90085F2DB /* Build configuration list for PBXNativeTarget "shadowBoxDemo" */;
			buildPhases = (
				C88784A525D9D9F70085F2DB /* Sources */,
				C88784A625D9D9F70085F2DB /* Frameworks */,
				C88784A725D9D9F70085F2DB /* Resources */,
			);
			buildRules = (
			);
			dependencies = (
			);
			name = shadowBoxDemo;
			productName = shadowBoxDemo;
			productReference = C88784A925D9D9F70085F2DB /* shadowBoxDemo.app */;
			productType = "com.apple.product-type.application";
		};
/* End PBXNativeTarget section */

/* Begin PBXProject section */
		C88784A125D9D9F70085F2DB /* Project object */ = {
			isa = PBXProject;
			attributes = {
				LastUpgradeCheck = 1240;
				TargetAttributes = {
					C88784A825D9D9F70085F2DB = {
						CreatedOnToolsVersion = 12.4;
					};
				};
			};
			buildConfigurationList = C88784A425D9D9F70085F2DB /* Build configuration list for PBXProject "shadowBoxDemo" */;
			compatibilityVersion = "Xcode 9.3";
			developmentRegion = en;
			hasScannedForEncodings = 0;
			knownRegions = (
				en,
				Base,
			);
			mainGroup = C88784A025D9D9F70085F2DB;
			productRefGroup = C88784AA25D9D9F70085F2DB /* Products */;
			projectDirPath = "";
			projectRoot = "";
			targets = (
				C88784A825D9D9F70085F2DB /* shadowBoxDemo */,
			);
		};
/* End PBXProject section */

/* Begin PBXResourcesBuildPhase section */
		C88784A725D9D9F70085F2DB /* Resources */ = {
			isa = PBXResourcesBuildPhase;
			buildActionMask = 2147483647;
			files = (
				C88784BC25D9D9F90085F2DB /* LaunchScreen.storyboard in Resources */,
				C88784B925D9D9F90085F2DB /* Assets.xcassets in Resources */,
				C88784B725D9D9F70085F2DB /* Main.storyboard in Resources */,
			);
			runOnlyForDeploymentPostprocessing = 0;
		};
/* End PBXResourcesBuildPhase section */

/* Begin PBXSourcesBuildPhase section */
		C88784A525D9D9F70085F2DB /* Sources */ = {
			isa = PBXSourcesBuildPhase;
			buildActionMask = 2147483647;
			files = (
				C88784B425D9D9F70085F2DB /* ViewController.m in Sources */,
				C88784AE25D9D9F70085F2DB /* AppDelegate.m in Sources */,
				C88784C925D9E27B0085F2DB /* PcapCell.m in Sources */,
				C88784BF25D9D9F90085F2DB /* main.m in Sources */,
				C88784B125D9D9F70085F2DB /* SceneDelegate.m in Sources */,
			);
			runOnlyForDeploymentPostprocessing = 0;
		};
/* End PBXSourcesBuildPhase section */

/* Begin PBXVariantGroup section */
		C88784B525D9D9F70085F2DB /* Main.storyboard */ = {
			isa = PBXVariantGroup;
			children = (
				C88784B625D9D9F70085F2DB /* Base */,
			);
			name = Main.storyboard;
			sourceTree = "<group>";
		};
		C88784BA25D9D9F90085F2DB /* LaunchScreen.storyboard */ = {
			isa = PBXVariantGroup;
			children = (
				C88784BB25D9D9F90085F2DB /* Base */,
			);
			name = LaunchScreen.storyboard;
			sourceTree = "<group>";
		};
/* End PBXVariantGroup section */

/* Begin XCBuildConfiguration section */
		C88784C025D9D9F90085F2DB /* Debug */ = {
			isa = XCBuildConfiguration;
			buildSettings = {
				ALWAYS_SEARCH_USER_PATHS = NO;
				CLANG_ANALYZER_NONNULL = YES;
				CLANG_ANALYZER_NUMBER_OBJECT_CONVERSION = YES_AGGRESSIVE;
				CLANG_CXX_LANGUAGE_STANDARD = "gnu++14";
				CLANG_CXX_LIBRARY = "libc++";
				CLANG_ENABLE_MODULES = YES;
				CLANG_ENABLE_OBJC_ARC = YES;
				CLANG_ENABLE_OBJC_WEAK = YES;
				CLANG_WARN_BLOCK_CAPTURE_AUTORELEASING = YES;
				CLANG_WARN_BOOL_CONVERSION = YES;
				CLANG_WARN_COMMA = YES;
				CLANG_WARN_CONSTANT_CONVERSION = YES;
				CLANG_WARN_DEPRECATED_OBJC_IMPLEMENTATIONS = YES;
				CLANG_WARN_DIRECT_OBJC_ISA_USAGE = YES_ERROR;
				CLANG_WARN_DOCUMENTATION_COMMENTS = YES;
				CLANG_WARN_EMPTY_BODY = YES;
				CLANG_WARN_ENUM_CONVERSION = YES;
				CLANG_WARN_INFINITE_RECURSION = YES;
				CLANG_WARN_INT_CONVERSION = YES;
				CLANG_WARN_NON_LITERAL_NULL_CONVERSION = YES;
				CLANG_WARN_OBJC_IMPLICIT_RETAIN_SELF = YES;
				CLANG_WARN_OBJC_LITERAL_CONVERSION = YES;
				CLANG_WARN_OBJC_ROOT_CLASS = YES_ERROR;
				CLANG_WARN_QUOTED_INCLUDE_IN_FRAMEWORK_HEADER = YES;
				CLANG_WARN_RANGE_LOOP_ANALYSIS = YES;
				CLANG_WARN_STRICT_PROTOTYPES = YES;
				CLANG_WARN_SUSPICIOUS_MOVE = YES;
				CLANG_WARN_UNGUARDED_AVAILABILITY = YES_AGGRESSIVE;
				CLANG_WARN_UNREACHABLE_CODE = YES;
				CLANG_WARN__DUPLICATE_METHOD_MATCH = YES;
				COPY_PHASE_STRIP = NO;
				DEBUG_INFORMATION_FORMAT = dwarf;
				ENABLE_STRICT_OBJC_MSGSEND = YES;
				ENABLE_TESTABILITY = YES;
				GCC_C_LANGUAGE_STANDARD = gnu11;
				GCC_DYNAMIC_NO_PIC = NO;
				GCC_NO_COMMON_BLOCKS = YES;
				GCC_OPTIMIZATION_LEVEL = 0;
				GCC_PREPROCESSOR_DEFINITIONS = (
					"DEBUG=1",
					"$(inherited)",
				);
				GCC_WARN_64_TO_32_BIT_CONVERSION = YES;
				GCC_WARN_ABOUT_RETURN_TYPE = YES_ERROR;
				GCC_WARN_UNDECLARED_SELECTOR = YES;
				GCC_WARN_UNINITIALIZED_AUTOS = YES_AGGRESSIVE;
				GCC_WARN_UNUSED_FUNCTION = YES;
				GCC_WARN_UNUSED_VARIABLE = YES;
				IPHONEOS_DEPLOYMENT_TARGET = 14.4;
				MTL_ENABLE_DEBUG_INFO = INCLUDE_SOURCE;
				MTL_FAST_MATH = YES;
				ONLY_ACTIVE_ARCH = YES;
				SDKROOT = iphoneos;
			};
			name = Debug;
		};
		C88784C125D9D9F90085F2DB /* Release */ = {
			isa = XCBuildConfiguration;
			buildSettings = {
				ALWAYS_SEARCH_USER_PATHS = NO;
				CLANG_ANALYZER_NONNULL = YES;
				CLANG_ANALYZER_NUMBER_OBJECT_CONVERSION = YES_AGGRESSIVE;
				CLANG_CXX_LANGUAGE_STANDARD = "gnu++14";
				CLANG_CXX_LIBRARY = "libc++";
				CLANG_ENABLE_MODULES = YES;
				CLANG_ENABLE_OBJC_ARC = YES;
				CLANG_ENABLE_OBJC_WEAK = YES;
				CLANG_WARN_BLOCK_CAPTURE_AUTORELEASING = YES;
				CLANG_WARN_BOOL_CONVERSION = YES;
				CLANG_WARN_COMMA = YES;
				CLANG_WARN_CONSTANT_CONVERSION = YES;
				CLANG_WARN_DEPRECATED_OBJC_IMPLEMENTATIONS = YES;
				CLANG_WARN_DIRECT_OBJC_ISA_USAGE = YES_ERROR;
				CLANG_WARN_DOCUMENTATION_COMMENTS = YES;
				CLANG_WARN_EMPTY_BODY = YES;
				CLANG_WARN_ENUM_CONVERSION = YES;
				CLANG_WARN_INFINITE_RECURSION = YES;
				CLANG_WARN_INT_CONVERSION = YES;
				CLANG_WARN_NON_LITERAL_NULL_CONVERSION = YES;
				CLANG_WARN_OBJC_IMPLICIT_RETAIN_SELF = YES;
				CLANG_WARN_OBJC_LITERAL_CONVERSION = YES;
				CLANG_WARN_OBJC_ROOT_CLASS = YES_ERROR;
				CLANG_WARN_QUOTED_INCLUDE_IN_FRAMEWORK_HEADER = YES;
				CLANG_WARN_RANGE_LOOP_ANALYSIS = YES;
				CLANG_WARN_STRICT_PROTOTYPES = YES;
				CLANG_WARN_SUSPICIOUS_MOVE = YES;
				CLANG_WARN_UNGUARDED_AVAILABILITY = YES_AGGRESSIVE;
				CLANG_WARN_UNREACHABLE_CODE = YES;
				CLANG_WARN__DUPLICATE_METHOD_MATCH = YES;
				COPY_PHASE_STRIP = NO;
				DEBUG_INFORMATION_FORMAT = "dwarf-with-dsym";
				ENABLE_NS_ASSERTIONS = NO;
				ENABLE_STRICT_OBJC_MSGSEND = YES;
				GCC_C_LANGUAGE_STANDARD = gnu11;
				GCC_NO_COMMON_BLOCKS = YES;
				GCC_WARN_64_TO_32_BIT_CONVERSION = YES;
				GCC_WARN_ABOUT_RETURN_TYPE = YES_ERROR;
				GCC_WARN_UNDECLARED_SELECTOR = YES;
				GCC_WARN_UNINITIALIZED_AUTOS = YES_AGGRESSIVE;
				GCC_WARN_UNUSED_FUNCTION = YES;
				GCC_WARN_UNUSED_VARIABLE = YES;
				IPHONEOS_DEPLOYMENT_TARGET = 14.4;
				MTL_ENABLE_DEBUG_INFO = NO;
				MTL_FAST_MATH = YES;
				SDKROOT = iphoneos;
				VALIDATE_PRODUCT = YES;
			};
			name = Release;
		};
		C88784C325D9D9F90085F2DB /* Debug */ = {
			isa = XCBuildConfiguration;
			buildSettings = {
				ASSETCATALOG_COMPILER_APPICON_NAME = AppIcon;
				ASSETCATALOG_COMPILER_GLOBAL_ACCENT_COLOR_NAME = AccentColor;
				CODE_SIGN_STYLE = Automatic;
				DEVELOPMENT_TEAM = V9L34YUA72;
				INFOPLIST_FILE = shadowBoxDemo/Info.plist;
				LD_RUNPATH_SEARCH_PATHS = (
					"$(inherited)",
					"@executable_path/Frameworks",
				);
				PRODUCT_BUNDLE_IDENTIFIER = com.pcap.shadowBoxDemo;
				PRODUCT_NAME = "$(TARGET_NAME)";
				TARGETED_DEVICE_FAMILY = "1,2";
			};
			name = Debug;
		};
		C88784C425D9D9F90085F2DB /* Release */ = {
			isa = XCBuildConfiguration;
			buildSettings = {
				ASSETCATALOG_COMPILER_APPICON_NAME = AppIcon;
				ASSETCATALOG_COMPILER_GLOBAL_ACCENT_COLOR_NAME = AccentColor;
				CODE_SIGN_STYLE = Automatic;
				DEVELOPMENT_TEAM = V9L34YUA72;
				INFOPLIST_FILE = shadowBoxDemo/Info.plist;
				LD_RUNPATH_SEARCH_PATHS = (
					"$(inherited)",
					"@executable_path/Frameworks",
				);
				PRODUCT_BUNDLE_IDENTIFIER = com.pcap.shadowBoxDemo;
				PRODUCT_NAME = "$(TARGET_NAME)";
				TARGETED_DEVICE_FAMILY = "1,2";
			};
			name = Release;
		};
/* End XCBuildConfiguration section */

/* Begin XCConfigurationList section */
		C88784A425D9D9F70085F2DB /* Build configuration list for PBXProject "shadowBoxDemo" */ = {
			isa = XCConfigurationList;
			buildConfigurations = (
				C88784C025D9D9F90085F2DB /* Debug */,
				C88784C125D9D9F90085F2DB /* Release */,
			);
			defaultConfigurationIsVisible = 0;
			defaultConfigurationName = Release;
		};
		C88784C225D9D9F90085F2DB /* Build configuration list for PBXNativeTarget "shadowBoxDemo" */ = {
			isa = XCConfigurationList;
			buildConfigurations = (
				C88784C325D9D9F90085F2DB /* Debug */,
				C88784C425D9D9F90085F2DB /* Release */,
			);
			defaultConfigurationIsVisible = 0;
			defaultConfigurationName = Release;
		};
/* End XCConfigurationList section */
	};
	rootObject = C88784A125D9D9F70085F2DB /* Project object */;
}
